{
  "name": "api",
  "version": "1.0.0",
  "lockfileVersion": 1,
  "requires": true,
  "dependencies": {
    "get-release": {
      "version": "1.3.1",
      "resolved": "https://registry.npmjs.org/get-release/-/get-release-1.3.1.tgz",
      "integrity": "sha512-4s8HvUKr1pAz6rnsf0+3lWUQhKehKgfJHPV8672vDih/Js6GQzlRRNBVzigd5mbCWTAjucbylEVMz8AsjeSvQw==",
      "requires": {
        "node-fetch": "^2.6.0"
      }
    },
    "node-fetch": {
      "version": "2.6.1",
      "resolved": "https://registry.npmjs.org/node-fetch/-/node-fetch-2.6.1.tgz",
      "integrity": "sha512-V4aYg89jEoVRxRb2fJdAg8FHvI7cEyYdVAh94HH0UIK8oJxUfkjlDQN9RbMx+bEjP7+ggMiFRprSti032Oipxw=="
    }
  }
}
